
Microsoft Visual Studio Solution File, Format Version 12.00
# Visual Studio Version 16
VisualStudioVersion = 16.0.33328.57
MinimumVisualStudioVersion = 10.0.40219.1
Project("{FAE04EC0-301F-11D3-BF4B-00C04F79EFBC}") = "ExelReaderPro", "ExelReaderPro\ExelReaderPro.csproj", "{D2B30B3C-DB86-479C-8B4A-5A2DBBE86C83}"
EndProject
Global
	GlobalSection(SolutionConfigurationPlatforms) = preSolution
		Debug|Any CPU = Debug|Any CPU
		Release|Any CPU = Release|Any CPU
	EndGlobalSection
	GlobalSection(ProjectConfigurationPlatforms) = postSolution
		{D2B30B3C-DB86-479C-8B4A-5A2DBBE86C83}.Debug|Any CPU.ActiveCfg = Debug|Any CPU
		{D2B30B3C-DB86-479C-8B4A-5A2DBBE86C83}.Debug|Any CPU.Build.0 = Debug|Any CPU
		{D2B30B3C-DB86-479C-8B4A-5A2DBBE86C83}.Release|Any CPU.ActiveCfg = Release|Any CPU
		{D2B30B3C-DB86-479C-8B4A-5A2DBBE86C83}.Release|Any CPU.Build.0 = Release|Any CPU
	EndGlobalSection
	GlobalSection(SolutionProperties) = preSolution
		HideSolutionNode = FALSE
	EndGlobalSection
	GlobalSection(ExtensibilityGlobals) = postSolution
		SolutionGuid = {BA58CF52-658A-42FD-93A4-92400E933145}
	EndGlobalSection
EndGlobal
